
Microsoft Visual Studio Solution File, Format Version 12.00
# Visual Studio Version 16
VisualStudioVersion = 16.0.31911.196
MinimumVisualStudioVersion = 10.0.40219.1
Project("{FAE04EC0-301F-11D3-BF4B-00C04F79EFBC}") = "ConsoleApp2", "ConsoleApp2.csproj", "{28502631-CE88-478F-BA93-A85946416C98}"
EndProject
Global
	GlobalSection(SolutionConfigurationPlatforms) = preSolution
		Debug|Any CPU = Debug|Any CPU
		Release|Any CPU = Release|Any CPU
	EndGlobalSection
	GlobalSection(ProjectConfigurationPlatforms) = postSolution
		{28502631-CE88-478F-BA93-A85946416C98}.Debug|Any CPU.ActiveCfg = Debug|Any CPU
		{28502631-CE88-478F-BA93-A85946416C98}.Debug|Any CPU.Build.0 = Debug|Any CPU
		{28502631-CE88-478F-BA93-A85946416C98}.Release|Any CPU.ActiveCfg = Release|Any CPU
		{28502631-CE88-478F-BA93-A85946416C98}.Release|Any CPU.Build.0 = Release|Any CPU
	EndGlobalSection
	GlobalSection(SolutionProperties) = preSolution
		HideSolutionNode = FALSE
	EndGlobalSection
	GlobalSection(ExtensibilityGlobals) = postSolution
		SolutionGuid = {93805539-D05A-48C8-A3A9-D64A9CE04E16}
	EndGlobalSection
EndGlobal
